
Microsoft Visual Studio Solution File, Format Version 12.00
# Visual Studio Version 16
VisualStudioVersion = 16.0.809.4
MinimumVisualStudioVersion = 10.0.40219.1
Project("{FAE04EC0-301F-11D3-BF4B-00C04F79EFBC}") = "HelpingRon", "HelpingRon\HelpingRon.csproj", "{1DDEF205-457C-4ABE-902C-637EB3063C7B}"
EndProject
Global
	GlobalSection(SolutionConfigurationPlatforms) = preSolution
		Debug|Any CPU = Debug|Any CPU
		Release|Any CPU = Release|Any CPU
	EndGlobalSection
	GlobalSection(ProjectConfigurationPlatforms) = postSolution
		{1DDEF205-457C-4ABE-902C-637EB3063C7B}.Debug|Any CPU.ActiveCfg = Debug|Any CPU
		{1DDEF205-457C-4ABE-902C-637EB3063C7B}.Debug|Any CPU.Build.0 = Debug|Any CPU
		{1DDEF205-457C-4ABE-902C-637EB3063C7B}.Release|Any CPU.ActiveCfg = Release|Any CPU
		{1DDEF205-457C-4ABE-902C-637EB3063C7B}.Release|Any CPU.Build.0 = Release|Any CPU
	EndGlobalSection
	GlobalSection(SolutionProperties) = preSolution
		HideSolutionNode = FALSE
	EndGlobalSection
	GlobalSection(ExtensibilityGlobals) = postSolution
		SolutionGuid = {87D0D6D4-DA8B-423B-89F7-0C9E59B57832}
	EndGlobalSection
EndGlobal
